
Microsoft Visual Studio Solution File, Format Version 12.00
# Visual Studio Version 17
VisualStudioVersion = 17.1.32421.90
MinimumVisualStudioVersion = 10.0.40219.1
Project("{2150E333-8FDC-42A3-9474-1A3956D46DE8}") = "Solution Items", "Solution Items", "{A66B7F07-07A1-4A76-9505-1EFBE8717558}"
	ProjectSection(SolutionItems) = preProject
		azure-pipelines.yml = azure-pipelines.yml
		codegen_g2t.cmd = codegen_g2t.cmd
		projscan.json = projscan.json
		README.md = README.md
		SigningKey.snk = SigningKey.snk
		version.json = version.json
	EndProjectSection
EndProject
Project("{9A19103F-16F7-4668-BE54-9A1E7A4F7556}") = "MetaFac.CG4.TextProcessing", "MetaFac.CG4.TextProcessing\MetaFac.CG4.TextProcessing.csproj", "{403E26CB-1933-4970-91FB-DC1CC545E01B}"
EndProject
Project("{9A19103F-16F7-4668-BE54-9A1E7A4F7556}") = "MetaFac.CG4.TextProcessing.UnitTests", "MetaFac.CG4.TextProcessing.Tests\MetaFac.CG4.TextProcessing.UnitTests.csproj", "{F3F86E50-0A0D-4C9B-9E2B-A0FC2AE00F38}"
EndProject
Project("{9A19103F-16F7-4668-BE54-9A1E7A4F7556}") = "MetaFac.CG4.CLI", "MetaFac.CG4.CLI\MetaFac.CG4.CLI.csproj", "{EC1AA90F-175B-4261-9595-786D716A19D6}"
EndProject
Project("{9A19103F-16F7-4668-BE54-9A1E7A4F7556}") = "MetaFac.CG4.Runtime", "MetaFac.CG4.Runtime\MetaFac.CG4.Runtime.csproj", "{63C05644-2288-4FE1-B28A-405F476F8039}"
EndProject
Project("{9A19103F-16F7-4668-BE54-9A1E7A4F7556}") = "MetaFac.CG4.Runtime.JsonPoco", "MetaFac.CG4.Runtime.JsonPoco\MetaFac.CG4.Runtime.JsonPoco.csproj", "{5DB4FC7C-470A-4428-B667-7791B967D7C4}"
EndProject
Project("{9A19103F-16F7-4668-BE54-9A1E7A4F7556}") = "MetaFac.CG4.Runtime.JsonPoco.Tests", "MetaFac.CG4.Runtime.JsonPoco.Tests\MetaFac.CG4.Runtime.JsonPoco.Tests.csproj", "{92005143-11FF-462A-90E1-CB4B7593AA9C}"
EndProject
Project("{9A19103F-16F7-4668-BE54-9A1E7A4F7556}") = "MetaFac.CG4.Runtime.Tests", "MetaFac.CG4.Runtime.Tests\MetaFac.CG4.Runtime.Tests.csproj", "{4BFB6AF0-F154-47E6-A752-48D5C448E9C6}"
EndProject
Project("{9A19103F-16F7-4668-BE54-9A1E7A4F7556}") = "MetaFac.CG4.Template.ClassesV2", "MetaFac.CG4.Template.ClassesV2\MetaFac.CG4.Template.ClassesV2.csproj", "{36419597-765A-48B9-B424-BE7E37BC5D0A}"
EndProject
Project("{9A19103F-16F7-4668-BE54-9A1E7A4F7556}") = "MetaFac.CG4.Template.Contracts", "MetaFac.CG4.Template.Contracts\MetaFac.CG4.Template.Contracts.csproj", "{3EB65A7B-8914-4A8F-B04D-BC6B9FD8CF02}"
EndProject
Project("{9A19103F-16F7-4668-BE54-9A1E7A4F7556}") = "MetaFac.CG4.Template.RecordsV2", "MetaFac.CG4.Template.RecordsV2\MetaFac.CG4.Template.RecordsV2.csproj", "{8FE15662-3D27-44D6-BA42-1B5C8C723115}"
EndProject
Project("{9A19103F-16F7-4668-BE54-9A1E7A4F7556}") = "MetaFac.CG4.Generators", "MetaFac.CG4.Generators\MetaFac.CG4.Generators.csproj", "{65F1A425-D85E-4541-BECE-7A382D136BBB}"
EndProject
Project("{9A19103F-16F7-4668-BE54-9A1E7A4F7556}") = "MetaFac.CG4.ModelReader", "MetaFac.CG4.ModelReader\MetaFac.CG4.ModelReader.csproj", "{96C35B4E-C758-440C-BF87-73D3B13B190B}"
EndProject
Project("{9A19103F-16F7-4668-BE54-9A1E7A4F7556}") = "MetaFac.CG4.ModelReader.Tests", "MetaFac.CG4.ModelReader.Tests\MetaFac.CG4.ModelReader.Tests.csproj", "{814A6627-9A4A-4A8C-9077-7841693253F8}"
EndProject
Project("{9A19103F-16F7-4668-BE54-9A1E7A4F7556}") = "MetaFac.CG4.Runtime.MessagePack", "MetaFac.CG4.Runtime.MessagePack\MetaFac.CG4.Runtime.MessagePack.csproj", "{D6D6B6F5-F8A7-4124-B811-523D415DD563}"
EndProject
Project("{9A19103F-16F7-4668-BE54-9A1E7A4F7556}") = "MetaFac.CG4.Template.MessagePack", "MetaFac.CG4.Template.MessagePack\MetaFac.CG4.Template.MessagePack.csproj", "{50271521-A85A-4244-8F3A-F7412952EE18}"
EndProject
Project("{9A19103F-16F7-4668-BE54-9A1E7A4F7556}") = "MetaFac.CG4.Models", "MetaFac.CG4.Models\MetaFac.CG4.Models.csproj", "{2B5CF0FD-A47B-44C3-874B-52D919E1A468}"
EndProject
Project("{9A19103F-16F7-4668-BE54-9A1E7A4F7556}") = "MetaFac.CG4.Template.UnitTests", "MetaFac.CG4.Template.UnitTests\MetaFac.CG4.Template.UnitTests.csproj", "{A07E226F-0BD9-4145-AF48-D5F5187EAAD8}"
EndProject
Project("{9A19103F-16F7-4668-BE54-9A1E7A4F7556}") = "MetaFac.CG4.Generators.UnitTests", "MetaFac.CG4.Generators.UnitTests\MetaFac.CG4.Generators.UnitTests.csproj", "{83AC5A99-8821-416F-A3AC-CAAD8905635E}"
EndProject
Project("{9A19103F-16F7-4668-BE54-9A1E7A4F7556}") = "MetaFac.CG4.Schemas.UnitTests", "MetaFac.CG4.Schemas.UnitTests\MetaFac.CG4.Schemas.UnitTests.csproj", "{C213B03F-CD91-46E2-BDCB-E9BB2C1C0A53}"
EndProject
Project("{9A19103F-16F7-4668-BE54-9A1E7A4F7556}") = "MetaFac.CG4.Template.JsonNewtonSoft", "MetaFac.CG4.Template.JsonNewtonSoft\MetaFac.CG4.Template.JsonNewtonSoft.csproj", "{9FAE7263-A98D-4E45-A83B-C5DD5821D21F}"
EndProject
Project("{9A19103F-16F7-4668-BE54-9A1E7A4F7556}") = "MetaFac.CG4.SourceGenerator", "MetaFac.CG4.SourceGenerator\MetaFac.CG4.SourceGenerator.csproj", "{46E18BA5-DED9-470B-B6A9-F7542FB78285}"
EndProject
Project("{9A19103F-16F7-4668-BE54-9A1E7A4F7556}") = "MetaFac.CG4.TestOrg.Schema", "MetaFac.CG4.TestOrg.Schema\MetaFac.CG4.TestOrg.Schema.csproj", "{F36A7249-D02D-4D3F-BBB1-3BB87D3D1A02}"
EndProject
Project("{9A19103F-16F7-4668-BE54-9A1E7A4F7556}") = "MetaFac.CG4.TestOrg.Models", "MetaFac.CG4.TestOrg.Models\MetaFac.CG4.TestOrg.Models.csproj", "{163833C8-8779-4F25-A611-C57D59223567}"
EndProject
Project("{9A19103F-16F7-4668-BE54-9A1E7A4F7556}") = "MetaFac.CG4.SourceGenerator.UnitTests", "MetaFac.CG4.SourceGenerator.UnitTests\MetaFac.CG4.SourceGenerator.UnitTests.csproj", "{C7FCA815-6F87-49FE-89E6-60A593386EF9}"
EndProject
Project("{9A19103F-16F7-4668-BE54-9A1E7A4F7556}") = "MetaFac.CG4.Attributes", "MetaFac.CG4.Attributes\MetaFac.CG4.Attributes.csproj", "{F36A7D78-BB87-4094-888C-4F04A164F6B8}"
EndProject
Global
	GlobalSection(SolutionConfigurationPlatforms) = preSolution
		Debug|Any CPU = Debug|Any CPU
		Release|Any CPU = Release|Any CPU
	EndGlobalSection
	GlobalSection(ProjectConfigurationPlatforms) = postSolution
		{403E26CB-1933-4970-91FB-DC1CC545E01B}.Debug|Any CPU.ActiveCfg = Debug|Any CPU
		{403E26CB-1933-4970-91FB-DC1CC545E01B}.Debug|Any CPU.Build.0 = Debug|Any CPU
		{403E26CB-1933-4970-91FB-DC1CC545E01B}.Release|Any CPU.ActiveCfg = Release|Any CPU
		{403E26CB-1933-4970-91FB-DC1CC545E01B}.Release|Any CPU.Build.0 = Release|Any CPU
		{F3F86E50-0A0D-4C9B-9E2B-A0FC2AE00F38}.Debug|Any CPU.ActiveCfg = Debug|Any CPU
		{F3F86E50-0A0D-4C9B-9E2B-A0FC2AE00F38}.Debug|Any CPU.Build.0 = Debug|Any CPU
		{F3F86E50-0A0D-4C9B-9E2B-A0FC2AE00F38}.Release|Any CPU.ActiveCfg = Release|Any CPU
		{F3F86E50-0A0D-4C9B-9E2B-A0FC2AE00F38}.Release|Any CPU.Build.0 = Release|Any CPU
		{EC1AA90F-175B-4261-9595-786D716A19D6}.Debug|Any CPU.ActiveCfg = Debug|Any CPU
		{EC1AA90F-175B-4261-9595-786D716A19D6}.Debug|Any CPU.Build.0 = Debug|Any CPU
		{EC1AA90F-175B-4261-9595-786D716A19D6}.Release|Any CPU.ActiveCfg = Release|Any CPU
		{EC1AA90F-175B-4261-9595-786D716A19D6}.Release|Any CPU.Build.0 = Release|Any CPU
		{63C05644-2288-4FE1-B28A-405F476F8039}.Debug|Any CPU.ActiveCfg = Debug|Any CPU
		{63C05644-2288-4FE1-B28A-405F476F8039}.Debug|Any CPU.Build.0 = Debug|Any CPU
		{63C05644-2288-4FE1-B28A-405F476F8039}.Release|Any CPU.ActiveCfg = Release|Any CPU
		{63C05644-2288-4FE1-B28A-405F476F8039}.Release|Any CPU.Build.0 = Release|Any CPU
		{5DB4FC7C-470A-4428-B667-7791B967D7C4}.Debug|Any CPU.ActiveCfg = Debug|Any CPU
		{5DB4FC7C-470A-4428-B667-7791B967D7C4}.Debug|Any CPU.Build.0 = Debug|Any CPU
		{5DB4FC7C-470A-4428-B667-7791B967D7C4}.Release|Any CPU.ActiveCfg = Release|Any CPU
		{5DB4FC7C-470A-4428-B667-7791B967D7C4}.Release|Any CPU.Build.0 = Release|Any CPU
		{92005143-11FF-462A-90E1-CB4B7593AA9C}.Debug|Any CPU.ActiveCfg = Debug|Any CPU
		{92005143-11FF-462A-90E1-CB4B7593AA9C}.Debug|Any CPU.Build.0 = Debug|Any CPU
		{92005143-11FF-462A-90E1-CB4B7593AA9C}.Release|Any CPU.ActiveCfg = Release|Any CPU
		{92005143-11FF-462A-90E1-CB4B7593AA9C}.Release|Any CPU.Build.0 = Release|Any CPU
		{4BFB6AF0-F154-47E6-A752-48D5C448E9C6}.Debug|Any CPU.ActiveCfg = Debug|Any CPU
		{4BFB6AF0-F154-47E6-A752-48D5C448E9C6}.Debug|Any CPU.Build.0 = Debug|Any CPU
		{4BFB6AF0-F154-47E6-A752-48D5C448E9C6}.Release|Any CPU.ActiveCfg = Release|Any CPU
		{4BFB6AF0-F154-47E6-A752-48D5C448E9C6}.Release|Any CPU.Build.0 = Release|Any CPU
		{36419597-765A-48B9-B424-BE7E37BC5D0A}.Debug|Any CPU.ActiveCfg = Debug|Any CPU
		{36419597-765A-48B9-B424-BE7E37BC5D0A}.Debug|Any CPU.Build.0 = Debug|Any CPU
		{36419597-765A-48B9-B424-BE7E37BC5D0A}.Release|Any CPU.ActiveCfg = Release|Any CPU
		{36419597-765A-48B9-B424-BE7E37BC5D0A}.Release|Any CPU.Build.0 = Release|Any CPU
		{3EB65A7B-8914-4A8F-B04D-BC6B9FD8CF02}.Debug|Any CPU.ActiveCfg = Debug|Any CPU
		{3EB65A7B-8914-4A8F-B04D-BC6B9FD8CF02}.Debug|Any CPU.Build.0 = Debug|Any CPU
		{3EB65A7B-8914-4A8F-B04D-BC6B9FD8CF02}.Release|Any CPU.ActiveCfg = Release|Any CPU
		{3EB65A7B-8914-4A8F-B04D-BC6B9FD8CF02}.Release|Any CPU.Build.0 = Release|Any CPU
		{8FE15662-3D27-44D6-BA42-1B5C8C723115}.Debug|Any CPU.ActiveCfg = Debug|Any CPU
		{8FE15662-3D27-44D6-BA42-1B5C8C723115}.Debug|Any CPU.Build.0 = Debug|Any CPU
		{8FE15662-3D27-44D6-BA42-1B5C8C723115}.Release|Any CPU.ActiveCfg = Release|Any CPU
		{8FE15662-3D27-44D6-BA42-1B5C8C723115}.Release|Any CPU.Build.0 = Release|Any CPU
		{65F1A425-D85E-4541-BECE-7A382D136BBB}.Debug|Any CPU.ActiveCfg = Debug|Any CPU
		{65F1A425-D85E-4541-BECE-7A382D136BBB}.Debug|Any CPU.Build.0 = Debug|Any CPU
		{65F1A425-D85E-4541-BECE-7A382D136BBB}.Release|Any CPU.ActiveCfg = Release|Any CPU
		{65F1A425-D85E-4541-BECE-7A382D136BBB}.Release|Any CPU.Build.0 = Release|Any CPU
		{96C35B4E-C758-440C-BF87-73D3B13B190B}.Debug|Any CPU.ActiveCfg = Debug|Any CPU
		{96C35B4E-C758-440C-BF87-73D3B13B190B}.Debug|Any CPU.Build.0 = Debug|Any CPU
		{96C35B4E-C758-440C-BF87-73D3B13B190B}.Release|Any CPU.ActiveCfg = Release|Any CPU
		{96C35B4E-C758-440C-BF87-73D3B13B190B}.Release|Any CPU.Build.0 = Release|Any CPU
		{814A6627-9A4A-4A8C-9077-7841693253F8}.Debug|Any CPU.ActiveCfg = Debug|Any CPU
		{814A6627-9A4A-4A8C-9077-7841693253F8}.Debug|Any CPU.Build.0 = Debug|Any CPU
		{814A6627-9A4A-4A8C-9077-7841693253F8}.Release|Any CPU.ActiveCfg = Release|Any CPU
		{814A6627-9A4A-4A8C-9077-7841693253F8}.Release|Any CPU.Build.0 = Release|Any CPU
		{D6D6B6F5-F8A7-4124-B811-523D415DD563}.Debug|Any CPU.ActiveCfg = Debug|Any CPU
		{D6D6B6F5-F8A7-4124-B811-523D415DD563}.Debug|Any CPU.Build.0 = Debug|Any CPU
		{D6D6B6F5-F8A7-4124-B811-523D415DD563}.Release|Any CPU.ActiveCfg = Release|Any CPU
		{D6D6B6F5-F8A7-4124-B811-523D415DD563}.Release|Any CPU.Build.0 = Release|Any CPU
		{50271521-A85A-4244-8F3A-F7412952EE18}.Debug|Any CPU.ActiveCfg = Debug|Any CPU
		{50271521-A85A-4244-8F3A-F7412952EE18}.Debug|Any CPU.Build.0 = Debug|Any CPU
		{50271521-A85A-4244-8F3A-F7412952EE18}.Release|Any CPU.ActiveCfg = Release|Any CPU
		{50271521-A85A-4244-8F3A-F7412952EE18}.Release|Any CPU.Build.0 = Release|Any CPU
		{2B5CF0FD-A47B-44C3-874B-52D919E1A468}.Debug|Any CPU.ActiveCfg = Debug|Any CPU
		{2B5CF0FD-A47B-44C3-874B-52D919E1A468}.Debug|Any CPU.Build.0 = Debug|Any CPU
		{2B5CF0FD-A47B-44C3-874B-52D919E1A468}.Release|Any CPU.ActiveCfg = Release|Any CPU
		{2B5CF0FD-A47B-44C3-874B-52D919E1A468}.Release|Any CPU.Build.0 = Release|Any CPU
		{A07E226F-0BD9-4145-AF48-D5F5187EAAD8}.Debug|Any CPU.ActiveCfg = Debug|Any CPU
		{A07E226F-0BD9-4145-AF48-D5F5187EAAD8}.Debug|Any CPU.Build.0 = Debug|Any CPU
		{A07E226F-0BD9-4145-AF48-D5F5187EAAD8}.Release|Any CPU.ActiveCfg = Release|Any CPU
		{A07E226F-0BD9-4145-AF48-D5F5187EAAD8}.Release|Any CPU.Build.0 = Release|Any CPU
		{83AC5A99-8821-416F-A3AC-CAAD8905635E}.Debug|Any CPU.ActiveCfg = Debug|Any CPU
		{83AC5A99-8821-416F-A3AC-CAAD8905635E}.Debug|Any CPU.Build.0 = Debug|Any CPU
		{83AC5A99-8821-416F-A3AC-CAAD8905635E}.Release|Any CPU.ActiveCfg = Release|Any CPU
		{83AC5A99-8821-416F-A3AC-CAAD8905635E}.Release|Any CPU.Build.0 = Release|Any CPU
		{C213B03F-CD91-46E2-BDCB-E9BB2C1C0A53}.Debug|Any CPU.ActiveCfg = Debug|Any CPU
		{C213B03F-CD91-46E2-BDCB-E9BB2C1C0A53}.Debug|Any CPU.Build.0 = Debug|Any CPU
		{C213B03F-CD91-46E2-BDCB-E9BB2C1C0A53}.Release|Any CPU.ActiveCfg = Release|Any CPU
		{C213B03F-CD91-46E2-BDCB-E9BB2C1C0A53}.Release|Any CPU.Build.0 = Release|Any CPU
		{9FAE7263-A98D-4E45-A83B-C5DD5821D21F}.Debug|Any CPU.ActiveCfg = Debug|Any CPU
		{9FAE7263-A98D-4E45-A83B-C5DD5821D21F}.Debug|Any CPU.Build.0 = Debug|Any CPU
		{9FAE7263-A98D-4E45-A83B-C5DD5821D21F}.Release|Any CPU.ActiveCfg = Release|Any CPU
		{9FAE7263-A98D-4E45-A83B-C5DD5821D21F}.Release|Any CPU.Build.0 = Release|Any CPU
		{46E18BA5-DED9-470B-B6A9-F7542FB78285}.Debug|Any CPU.ActiveCfg = Debug|Any CPU
		{46E18BA5-DED9-470B-B6A9-F7542FB78285}.Debug|Any CPU.Build.0 = Debug|Any CPU
		{46E18BA5-DED9-470B-B6A9-F7542FB78285}.Release|Any CPU.ActiveCfg = Release|Any CPU
		{46E18BA5-DED9-470B-B6A9-F7542FB78285}.Release|Any CPU.Build.0 = Release|Any CPU
		{F36A7249-D02D-4D3F-BBB1-3BB87D3D1A02}.Debug|Any CPU.ActiveCfg = Debug|Any CPU
		{F36A7249-D02D-4D3F-BBB1-3BB87D3D1A02}.Debug|Any CPU.Build.0 = Debug|Any CPU
		{F36A7249-D02D-4D3F-BBB1-3BB87D3D1A02}.Release|Any CPU.ActiveCfg = Release|Any CPU
		{F36A7249-D02D-4D3F-BBB1-3BB87D3D1A02}.Release|Any CPU.Build.0 = Release|Any CPU
		{163833C8-8779-4F25-A611-C57D59223567}.Debug|Any CPU.ActiveCfg = Debug|Any CPU
		{163833C8-8779-4F25-A611-C57D59223567}.Debug|Any CPU.Build.0 = Debug|Any CPU
		{163833C8-8779-4F25-A611-C57D59223567}.Release|Any CPU.ActiveCfg = Release|Any CPU
		{163833C8-8779-4F25-A611-C57D59223567}.Release|Any CPU.Build.0 = Release|Any CPU
		{C7FCA815-6F87-49FE-89E6-60A593386EF9}.Debug|Any CPU.ActiveCfg = Debug|Any CPU
		{C7FCA815-6F87-49FE-89E6-60A593386EF9}.Debug|Any CPU.Build.0 = Debug|Any CPU
		{C7FCA815-6F87-49FE-89E6-60A593386EF9}.Release|Any CPU.ActiveCfg = Release|Any CPU
		{C7FCA815-6F87-49FE-89E6-60A593386EF9}.Release|Any CPU.Build.0 = Release|Any CPU
		{F36A7D78-BB87-4094-888C-4F04A164F6B8}.Debug|Any CPU.ActiveCfg = Debug|Any CPU
		{F36A7D78-BB87-4094-888C-4F04A164F6B8}.Debug|Any CPU.Build.0 = Debug|Any CPU
		{F36A7D78-BB87-4094-888C-4F04A164F6B8}.Release|Any CPU.ActiveCfg = Release|Any CPU
		{F36A7D78-BB87-4094-888C-4F04A164F6B8}.Release|Any CPU.Build.0 = Release|Any CPU
	EndGlobalSection
	GlobalSection(SolutionProperties) = preSolution
		HideSolutionNode = FALSE
	EndGlobalSection
	GlobalSection(ExtensibilityGlobals) = postSolution
		SolutionGuid = {085DA3C0-B202-462E-A599-41E7AC777AB4}
	EndGlobalSection
EndGlobal
